// !$*UTF8*$!
{
	archiveVersion = 1;
	classes = {
	};
	objectVersion = 77;
	objects = {

/* Begin PBXBuildFile section */
		5F7AC3CC2CAADBD9009F6194 /* FirebaseAuth in Frameworks */ = {isa = PBXBuildFile; productRef = 5F7AC3CB2CAADBD9009F6194 /* FirebaseAuth */; };
		5F7AC3CE2CAADBD9009F6194 /* FirebaseFirestore in Frameworks */ = {isa = PBXBuildFile; productRef = 5F7AC3CD2CAADBD9009F6194 /* FirebaseFirestore */; };
		5F7AC3D02CAADBD9009F6194 /* FirebaseFirestoreCombine-Community in Frameworks */ = {isa = PBXBuildFile; productRef = 5F7AC3CF2CAADBD9009F6194 /* FirebaseFirestoreCombine-Community */; };
		5F7AC3D22CAADCAF009F6194 /* FirebaseInstallations in Frameworks */ = {isa = PBXBuildFile; productRef = 5F7AC3D12CAADCAF009F6194 /* FirebaseInstallations */; };
		5FA7B8062CABDAC4008E1B03 /* FirebaseAuth in Frameworks */ = {isa = PBXBuildFile; productRef = 5FA7B8052CABDAC4008E1B03 /* FirebaseAuth */; };
		5FA7B8082CABDAC4008E1B03 /* FirebaseFirestore in Frameworks */ = {isa = PBXBuildFile; productRef = 5FA7B8072CABDAC4008E1B03 /* FirebaseFirestore */; };
		5FA7B80A2CABDAC4008E1B03 /* FirebaseInstallations in Frameworks */ = {isa = PBXBuildFile; productRef = 5FA7B8092CABDAC4008E1B03 /* FirebaseInstallations */; };
/* End PBXBuildFile section */

/* Begin PBXContainerItemProxy section */
		5F2729342CAAAB110093548B /* PBXContainerItemProxy */ = {
			isa = PBXContainerItemProxy;
			containerPortal = 5F27291B2CAAAB0E0093548B /* Project object */;
			proxyType = 1;
			remoteGlobalIDString = 5F2729222CAAAB0E0093548B;
			remoteInfo = firs_app1_gr1;
		};
		5F27293E2CAAAB110093548B /* PBXContainerItemProxy */ = {
			isa = PBXContainerItemProxy;
			containerPortal = 5F27291B2CAAAB0E0093548B /* Project object */;
			proxyType = 1;
			remoteGlobalIDString = 5F2729222CAAAB0E0093548B;
			remoteInfo = firs_app1_gr1;
		};
/* End PBXContainerItemProxy section */

/* Begin PBXFileReference section */
		5F2729232CAAAB0E0093548B /* firs_app1_gr1.app */ = {isa = PBXFileReference; explicitFileType = wrapper.application; includeInIndex = 0; path = firs_app1_gr1.app; sourceTree = BUILT_PRODUCTS_DIR; };
		5F2729332CAAAB110093548B /* firs_app1_gr1Tests.xctest */ = {isa = PBXFileReference; explicitFileType = wrapper.cfbundle; includeInIndex = 0; path = firs_app1_gr1Tests.xctest; sourceTree = BUILT_PRODUCTS_DIR; };
		5F27293D2CAAAB110093548B /* firs_app1_gr1UITests.xctest */ = {isa = PBXFileReference; explicitFileType = wrapper.cfbundle; includeInIndex = 0; path = firs_app1_gr1UITests.xctest; sourceTree = BUILT_PRODUCTS_DIR; };
/* End PBXFileReference section */

/* Begin PBXFileSystemSynchronizedBuildFileExceptionSet section */
		5F7AC3C12CAAD4A4009F6194 /* Exceptions for "firs_app1_gr1" folder in "firs_app1_gr1" target */ = {
			isa = PBXFileSystemSynchronizedBuildFileExceptionSet;
			membershipExceptions = (
				Assets.xcassets,
				firs_app1_gr1App.swift,
				Model/Person.swift,
				"Preview Content/Preview Assets.xcassets",
				services/FirebaseManager.swift,
				View/AllPersonnView.swift,
				View/ContentView.swift,
				View/DashboardView.swift,
				View/loginView.swift,
				ViewModel/AuthViewModel.swift,
				ViewModel/PersonViewModel.swift,
			);
			target = 5F2729222CAAAB0E0093548B /* firs_app1_gr1 */;
		};
		5F7AC3C22CAAD4A4009F6194 /* Exceptions for "firs_app1_gr1" folder in "firs_app1_gr1Tests" target */ = {
			isa = PBXFileSystemSynchronizedBuildFileExceptionSet;
			membershipExceptions = (
				Assets.xcassets,
				firs_app1_gr1App.swift,
				"Preview Content/Preview Assets.xcassets",
				View/AllPersonnView.swift,
				View/ContentView.swift,
				View/DashboardView.swift,
				View/loginView.swift,
			);
			target = 5F2729322CAAAB110093548B /* firs_app1_gr1Tests */;
		};
/* End PBXFileSystemSynchronizedBuildFileExceptionSet section */

/* Begin PBXFileSystemSynchronizedRootGroup section */
		5F2729362CAAAB110093548B /* firs_app1_gr1Tests */ = {
			isa = PBXFileSystemSynchronizedRootGroup;
			path = firs_app1_gr1Tests;
			sourceTree = "<group>";
		};
		5F2729402CAAAB110093548B /* firs_app1_gr1UITests */ = {
			isa = PBXFileSystemSynchronizedRootGroup;
			path = firs_app1_gr1UITests;
			sourceTree = "<group>";
		};
		5F7AC3B92CAAD4A4009F6194 /* firs_app1_gr1 */ = {
			isa = PBXFileSystemSynchronizedRootGroup;
			exceptions = (
				5F7AC3C12CAAD4A4009F6194 /* Exceptions for "firs_app1_gr1" folder in "firs_app1_gr1" target */,
				5F7AC3C22CAAD4A4009F6194 /* Exceptions for "firs_app1_gr1" folder in "firs_app1_gr1Tests" target */,
			);
			path = firs_app1_gr1;
			sourceTree = "<group>";
		};
/* End PBXFileSystemSynchronizedRootGroup section */

/* Begin PBXFrameworksBuildPhase section */
		5F2729202CAAAB0E0093548B /* Frameworks */ = {
			isa = PBXFrameworksBuildPhase;
			buildActionMask = 2147483647;
			files = (
				5F7AC3D02CAADBD9009F6194 /* FirebaseFirestoreCombine-Community in Frameworks */,
				5F7AC3CC2CAADBD9009F6194 /* FirebaseAuth in Frameworks */,
				5F7AC3CE2CAADBD9009F6194 /* FirebaseFirestore in Frameworks */,
				5F7AC3D22CAADCAF009F6194 /* FirebaseInstallations in Frameworks */,
			);
			runOnlyForDeploymentPostprocessing = 0;
		};
		5F2729302CAAAB110093548B /* Frameworks */ = {
			isa = PBXFrameworksBuildPhase;
			buildActionMask = 2147483647;
			files = (
				5FA7B80A2CABDAC4008E1B03 /* FirebaseInstallations in Frameworks */,
				5FA7B8062CABDAC4008E1B03 /* FirebaseAuth in Frameworks */,
				5FA7B8082CABDAC4008E1B03 /* FirebaseFirestore in Frameworks */,
			);
			runOnlyForDeploymentPostprocessing = 0;
		};
		5F27293A2CAAAB110093548B /* Frameworks */ = {
			isa = PBXFrameworksBuildPhase;
			buildActionMask = 2147483647;
			files = (
			);
			runOnlyForDeploymentPostprocessing = 0;
		};
/* End PBXFrameworksBuildPhase section */

/* Begin PBXGroup section */
		5F27291A2CAAAB0E0093548B = {
			isa = PBXGroup;
			children = (
				5F7AC3B92CAAD4A4009F6194 /* firs_app1_gr1 */,
				5F2729362CAAAB110093548B /* firs_app1_gr1Tests */,
				5F2729402CAAAB110093548B /* firs_app1_gr1UITests */,
				5F2729242CAAAB0E0093548B /* Products */,
			);
			sourceTree = "<group>";
		};
		5F2729242CAAAB0E0093548B /* Products */ = {
			isa = PBXGroup;
			children = (
				5F2729232CAAAB0E0093548B /* firs_app1_gr1.app */,
				5F2729332CAAAB110093548B /* firs_app1_gr1Tests.xctest */,
				5F27293D2CAAAB110093548B /* firs_app1_gr1UITests.xctest */,
			);
			name = Products;
			sourceTree = "<group>";
		};
/* End PBXGroup section */

/* Begin PBXNativeTarget section */
		5F2729222CAAAB0E0093548B /* firs_app1_gr1 */ = {
			isa = PBXNativeTarget;
			buildConfigurationList = 5F2729472CAAAB110093548B /* Build configuration list for PBXNativeTarget "firs_app1_gr1" */;
			buildPhases = (
				5F27291F2CAAAB0E0093548B /* Sources */,
				5F2729202CAAAB0E0093548B /* Frameworks */,
				5F2729212CAAAB0E0093548B /* Resources */,
			);
			buildRules = (
			);
			dependencies = (
			);
			name = firs_app1_gr1;
			packageProductDependencies = (
				5F7AC3CB2CAADBD9009F6194 /* FirebaseAuth */,
				5F7AC3CD2CAADBD9009F6194 /* FirebaseFirestore */,
				5F7AC3CF2CAADBD9009F6194 /* FirebaseFirestoreCombine-Community */,
				5F7AC3D12CAADCAF009F6194 /* FirebaseInstallations */,
			);
			productName = firs_app1_gr1;
			productReference = 5F2729232CAAAB0E0093548B /* firs_app1_gr1.app */;
			productType = "com.apple.product-type.application";
		};
		5F2729322CAAAB110093548B /* firs_app1_gr1Tests */ = {
			isa = PBXNativeTarget;
			buildConfigurationList = 5F27294A2CAAAB110093548B /* Build configuration list for PBXNativeTarget "firs_app1_gr1Tests" */;
			buildPhases = (
				5F27292F2CAAAB110093548B /* Sources */,
				5F2729302CAAAB110093548B /* Frameworks */,
				5F2729312CAAAB110093548B /* Resources */,
			);
			buildRules = (
			);
			dependencies = (
				5F2729352CAAAB110093548B /* PBXTargetDependency */,
			);
			fileSystemSynchronizedGroups = (
				5F2729362CAAAB110093548B /* firs_app1_gr1Tests */,
				5F7AC3B92CAAD4A4009F6194 /* firs_app1_gr1 */,
			);
			name = firs_app1_gr1Tests;
			packageProductDependencies = (
				5FA7B8052CABDAC4008E1B03 /* FirebaseAuth */,
				5FA7B8072CABDAC4008E1B03 /* FirebaseFirestore */,
				5FA7B8092CABDAC4008E1B03 /* FirebaseInstallations */,
			);
			productName = firs_app1_gr1Tests;
			productReference = 5F2729332CAAAB110093548B /* firs_app1_gr1Tests.xctest */;
			productType = "com.apple.product-type.bundle.unit-test";
		};
		5F27293C2CAAAB110093548B /* firs_app1_gr1UITests */ = {
			isa = PBXNativeTarget;
			buildConfigurationList = 5F27294D2CAAAB110093548B /* Build configuration list for PBXNativeTarget "firs_app1_gr1UITests" */;
			buildPhases = (
				5F2729392CAAAB110093548B /* Sources */,
				5F27293A2CAAAB110093548B /* Frameworks */,
				5F27293B2CAAAB110093548B /* Resources */,
			);
			buildRules = (
			);
			dependencies = (
				5F27293F2CAAAB110093548B /* PBXTargetDependency */,
			);
			fileSystemSynchronizedGroups = (
				5F2729402CAAAB110093548B /* firs_app1_gr1UITests */,
			);
			name = firs_app1_gr1UITests;
			packageProductDependencies = (
			);
			productName = firs_app1_gr1UITests;
			productReference = 5F27293D2CAAAB110093548B /* firs_app1_gr1UITests.xctest */;
			productType = "com.apple.product-type.bundle.ui-testing";
		};
/* End PBXNativeTarget section */

/* Begin PBXProject section */
		5F27291B2CAAAB0E0093548B /* Project object */ = {
			isa = PBXProject;
			attributes = {
				BuildIndependentTargetsInParallel = 1;
				LastSwiftUpdateCheck = 1600;
				LastUpgradeCheck = 1600;
				TargetAttributes = {
					5F2729222CAAAB0E0093548B = {
						CreatedOnToolsVersion = 16.0;
					};
					5F2729322CAAAB110093548B = {
						CreatedOnToolsVersion = 16.0;
						TestTargetID = 5F2729222CAAAB0E0093548B;
					};
					5F27293C2CAAAB110093548B = {
						CreatedOnToolsVersion = 16.0;
						TestTargetID = 5F2729222CAAAB0E0093548B;
					};
				};
			};
			buildConfigurationList = 5F27291E2CAAAB0E0093548B /* Build configuration list for PBXProject "firs_app1_gr1" */;
			developmentRegion = en;
			hasScannedForEncodings = 0;
			knownRegions = (
				en,
				Base,
			);
			mainGroup = 5F27291A2CAAAB0E0093548B;
			minimizedProjectReferenceProxies = 1;
			packageReferences = (
				5F7AC3CA2CAADBD9009F6194 /* XCRemoteSwiftPackageReference "firebase-ios-sdk" */,
			);
			preferredProjectObjectVersion = 77;
			productRefGroup = 5F2729242CAAAB0E0093548B /* Products */;
			projectDirPath = "";
			projectRoot = "";
			targets = (
				5F2729222CAAAB0E0093548B /* firs_app1_gr1 */,
				5F2729322CAAAB110093548B /* firs_app1_gr1Tests */,
				5F27293C2CAAAB110093548B /* firs_app1_gr1UITests */,
			);
		};
/* End PBXProject section */

/* Begin PBXResourcesBuildPhase section */
		5F2729212CAAAB0E0093548B /* Resources */ = {
			isa = PBXResourcesBuildPhase;
			buildActionMask = 2147483647;
			files = (
			);
			runOnlyForDeploymentPostprocessing = 0;
		};
		5F2729312CAAAB110093548B /* Resources */ = {
			isa = PBXResourcesBuildPhase;
			buildActionMask = 2147483647;
			files = (
			);
			runOnlyForDeploymentPostprocessing = 0;
		};
		5F27293B2CAAAB110093548B /* Resources */ = {
			isa = PBXResourcesBuildPhase;
			buildActionMask = 2147483647;
			files = (
			);
			runOnlyForDeploymentPostprocessing = 0;
		};
/* End PBXResourcesBuildPhase section */

/* Begin PBXSourcesBuildPhase section */
		5F27291F2CAAAB0E0093548B /* Sources */ = {
			isa = PBXSourcesBuildPhase;
			buildActionMask = 2147483647;
			files = (
			);
			runOnlyForDeploymentPostprocessing = 0;
		};
		5F27292F2CAAAB110093548B /* Sources */ = {
			isa = PBXSourcesBuildPhase;
			buildActionMask = 2147483647;
			files = (
			);
			runOnlyForDeploymentPostprocessing = 0;
		};
		5F2729392CAAAB110093548B /* Sources */ = {
			isa = PBXSourcesBuildPhase;
			buildActionMask = 2147483647;
			files = (
			);
			runOnlyForDeploymentPostprocessing = 0;
		};
/* End PBXSourcesBuildPhase section */

/* Begin PBXTargetDependency section */
		5F2729352CAAAB110093548B /* PBXTargetDependency */ = {
			isa = PBXTargetDependency;
			target = 5F2729222CAAAB0E0093548B /* firs_app1_gr1 */;
			targetProxy = 5F2729342CAAAB110093548B /* PBXContainerItemProxy */;
		};
		5F27293F2CAAAB110093548B /* PBXTargetDependency */ = {
			isa = PBXTargetDependency;
			target = 5F2729222CAAAB0E0093548B /* firs_app1_gr1 */;
			targetProxy = 5F27293E2CAAAB110093548B /* PBXContainerItemProxy */;
		};
/* End PBXTargetDependency section */

/* Begin XCBuildConfiguration section */
		5F2729452CAAAB110093548B /* Debug */ = {
			isa = XCBuildConfiguration;
			buildSettings = {
				ALWAYS_SEARCH_USER_PATHS = NO;
				ASSETCATALOG_COMPILER_GENERATE_SWIFT_ASSET_SYMBOL_EXTENSIONS = YES;
				CLANG_ANALYZER_NONNULL = YES;
				CLANG_ANALYZER_NUMBER_OBJECT_CONVERSION = YES_AGGRESSIVE;
				CLANG_CXX_LANGUAGE_STANDARD = "gnu++20";
				CLANG_ENABLE_MODULES = YES;
				CLANG_ENABLE_OBJC_ARC = YES;
				CLANG_ENABLE_OBJC_WEAK = YES;
				CLANG_WARN_BLOCK_CAPTURE_AUTORELEASING = YES;
				CLANG_WARN_BOOL_CONVERSION = YES;
				CLANG_WARN_COMMA = YES;
				CLANG_WARN_CONSTANT_CONVERSION = YES;
				CLANG_WARN_DEPRECATED_OBJC_IMPLEMENTATIONS = YES;
				CLANG_WARN_DIRECT_OBJC_ISA_USAGE = YES_ERROR;
				CLANG_WARN_DOCUMENTATION_COMMENTS = YES;
				CLANG_WARN_EMPTY_BODY = YES;
				CLANG_WARN_ENUM_CONVERSION = YES;
				CLANG_WARN_INFINITE_RECURSION = YES;
				CLANG_WARN_INT_CONVERSION = YES;
				CLANG_WARN_NON_LITERAL_NULL_CONVERSION = YES;
				CLANG_WARN_OBJC_IMPLICIT_RETAIN_SELF = YES;
				CLANG_WARN_OBJC_LITERAL_CONVERSION = YES;
				CLANG_WARN_OBJC_ROOT_CLASS = YES_ERROR;
				CLANG_WARN_QUOTED_INCLUDE_IN_FRAMEWORK_HEADER = YES;
				CLANG_WARN_RANGE_LOOP_ANALYSIS = YES;
				CLANG_WARN_STRICT_PROTOTYPES = YES;
				CLANG_WARN_SUSPICIOUS_MOVE = YES;
				CLANG_WARN_UNGUARDED_AVAILABILITY = YES_AGGRESSIVE;
				CLANG_WARN_UNREACHABLE_CODE = YES;
				CLANG_WARN__DUPLICATE_METHOD_MATCH = YES;
				COPY_PHASE_STRIP = NO;
				DEBUG_INFORMATION_FORMAT = dwarf;
				ENABLE_STRICT_OBJC_MSGSEND = YES;
				ENABLE_TESTABILITY = YES;
				ENABLE_USER_SCRIPT_SANDBOXING = YES;
				GCC_C_LANGUAGE_STANDARD = gnu17;
				GCC_DYNAMIC_NO_PIC = NO;
				GCC_NO_COMMON_BLOCKS = YES;
				GCC_OPTIMIZATION_LEVEL = 0;
				GCC_PREPROCESSOR_DEFINITIONS = (
					"DEBUG=1",
					"$(inherited)",
				);
				GCC_WARN_64_TO_32_BIT_CONVERSION = YES;
				GCC_WARN_ABOUT_RETURN_TYPE = YES_ERROR;
				GCC_WARN_UNDECLARED_SELECTOR = YES;
				GCC_WARN_UNINITIALIZED_AUTOS = YES_AGGRESSIVE;
				GCC_WARN_UNUSED_FUNCTION = YES;
				GCC_WARN_UNUSED_VARIABLE = YES;
				IPHONEOS_DEPLOYMENT_TARGET = 18.0;
				LOCALIZATION_PREFERS_STRING_CATALOGS = YES;
				MTL_ENABLE_DEBUG_INFO = INCLUDE_SOURCE;
				MTL_FAST_MATH = YES;
				ONLY_ACTIVE_ARCH = YES;
				SDKROOT = iphoneos;
				SWIFT_ACTIVE_COMPILATION_CONDITIONS = "DEBUG $(inherited)";
				SWIFT_OPTIMIZATION_LEVEL = "-Onone";
			};
			name = Debug;
		};
		5F2729462CAAAB110093548B /* Release */ = {
			isa = XCBuildConfiguration;
			buildSettings = {
				ALWAYS_SEARCH_USER_PATHS = NO;
				ASSETCATALOG_COMPILER_GENERATE_SWIFT_ASSET_SYMBOL_EXTENSIONS = YES;
				CLANG_ANALYZER_NONNULL = YES;
				CLANG_ANALYZER_NUMBER_OBJECT_CONVERSION = YES_AGGRESSIVE;
				CLANG_CXX_LANGUAGE_STANDARD = "gnu++20";
				CLANG_ENABLE_MODULES = YES;
				CLANG_ENABLE_OBJC_ARC = YES;
				CLANG_ENABLE_OBJC_WEAK = YES;
				CLANG_WARN_BLOCK_CAPTURE_AUTORELEASING = YES;
				CLANG_WARN_BOOL_CONVERSION = YES;
				CLANG_WARN_COMMA = YES;
				CLANG_WARN_CONSTANT_CONVERSION = YES;
				CLANG_WARN_DEPRECATED_OBJC_IMPLEMENTATIONS = YES;
				CLANG_WARN_DIRECT_OBJC_ISA_USAGE = YES_ERROR;
				CLANG_WARN_DOCUMENTATION_COMMENTS = YES;
				CLANG_WARN_EMPTY_BODY = YES;
				CLANG_WARN_ENUM_CONVERSION = YES;
				CLANG_WARN_INFINITE_RECURSION = YES;
				CLANG_WARN_INT_CONVERSION = YES;
				CLANG_WARN_NON_LITERAL_NULL_CONVERSION = YES;
				CLANG_WARN_OBJC_IMPLICIT_RETAIN_SELF = YES;
				CLANG_WARN_OBJC_LITERAL_CONVERSION = YES;
				CLANG_WARN_OBJC_ROOT_CLASS = YES_ERROR;
				CLANG_WARN_QUOTED_INCLUDE_IN_FRAMEWORK_HEADER = YES;
				CLANG_WARN_RANGE_LOOP_ANALYSIS = YES;
				CLANG_WARN_STRICT_PROTOTYPES = YES;
				CLANG_WARN_SUSPICIOUS_MOVE = YES;
				CLANG_WARN_UNGUARDED_AVAILABILITY = YES_AGGRESSIVE;
				CLANG_WARN_UNREACHABLE_CODE = YES;
				CLANG_WARN__DUPLICATE_METHOD_MATCH = YES;
				COPY_PHASE_STRIP = NO;
				DEBUG_INFORMATION_FORMAT = "dwarf-with-dsym";
				ENABLE_NS_ASSERTIONS = NO;
				ENABLE_STRICT_OBJC_MSGSEND = YES;
				ENABLE_USER_SCRIPT_SANDBOXING = YES;
				GCC_C_LANGUAGE_STANDARD = gnu17;
				GCC_NO_COMMON_BLOCKS = YES;
				GCC_WARN_64_TO_32_BIT_CONVERSION = YES;
				GCC_WARN_ABOUT_RETURN_TYPE = YES_ERROR;
				GCC_WARN_UNDECLARED_SELECTOR = YES;
				GCC_WARN_UNINITIALIZED_AUTOS = YES_AGGRESSIVE;
				GCC_WARN_UNUSED_FUNCTION = YES;
				GCC_WARN_UNUSED_VARIABLE = YES;
				IPHONEOS_DEPLOYMENT_TARGET = 18.0;
				LOCALIZATION_PREFERS_STRING_CATALOGS = YES;
				MTL_ENABLE_DEBUG_INFO = NO;
				MTL_FAST_MATH = YES;
				SDKROOT = iphoneos;
				SWIFT_COMPILATION_MODE = wholemodule;
				VALIDATE_PRODUCT = YES;
			};
			name = Release;
		};
		5F2729482CAAAB110093548B /* Debug */ = {
			isa = XCBuildConfiguration;
			buildSettings = {
				ASSETCATALOG_COMPILER_APPICON_NAME = AppIcon;
				ASSETCATALOG_COMPILER_GLOBAL_ACCENT_COLOR_NAME = AccentColor;
				CODE_SIGN_STYLE = Automatic;
				CURRENT_PROJECT_VERSION = 1;
				DEVELOPMENT_ASSET_PATHS = "\"firs_app1_gr1/Preview Content\"";
				DEVELOPMENT_TEAM = AYQKWKQJL2;
				ENABLE_PREVIEWS = YES;
				GENERATE_INFOPLIST_FILE = YES;
				INFOPLIST_KEY_UIApplicationSceneManifest_Generation = YES;
				INFOPLIST_KEY_UIApplicationSupportsIndirectInputEvents = YES;
				INFOPLIST_KEY_UILaunchScreen_Generation = YES;
				INFOPLIST_KEY_UISupportedInterfaceOrientations_iPad = "UIInterfaceOrientationPortrait UIInterfaceOrientationPortraitUpsideDown UIInterfaceOrientationLandscapeLeft UIInterfaceOrientationLandscapeRight";
				INFOPLIST_KEY_UISupportedInterfaceOrientations_iPhone = "UIInterfaceOrientationPortrait UIInterfaceOrientationLandscapeLeft UIInterfaceOrientationLandscapeRight";
				LD_RUNPATH_SEARCH_PATHS = (
					"$(inherited)",
					"@executable_path/Frameworks",
				);
				MARKETING_VERSION = 1.0;
				PRODUCT_BUNDLE_IDENTIFIER = "com.lightphoenix.firs-app1-gr1";
				PRODUCT_NAME = "$(TARGET_NAME)";
				SWIFT_EMIT_LOC_STRINGS = YES;
				SWIFT_VERSION = 5.0;
				TARGETED_DEVICE_FAMILY = "1,2";
			};
			name = Debug;
		};
		5F2729492CAAAB110093548B /* Release */ = {
			isa = XCBuildConfiguration;
			buildSettings = {
				ASSETCATALOG_COMPILER_APPICON_NAME = AppIcon;
				ASSETCATALOG_COMPILER_GLOBAL_ACCENT_COLOR_NAME = AccentColor;
				CODE_SIGN_STYLE = Automatic;
				CURRENT_PROJECT_VERSION = 1;
				DEVELOPMENT_ASSET_PATHS = "\"firs_app1_gr1/Preview Content\"";
				DEVELOPMENT_TEAM = AYQKWKQJL2;
				ENABLE_PREVIEWS = YES;
				GENERATE_INFOPLIST_FILE = YES;
				INFOPLIST_KEY_UIApplicationSceneManifest_Generation = YES;
				INFOPLIST_KEY_UIApplicationSupportsIndirectInputEvents = YES;
				INFOPLIST_KEY_UILaunchScreen_Generation = YES;
				INFOPLIST_KEY_UISupportedInterfaceOrientations_iPad = "UIInterfaceOrientationPortrait UIInterfaceOrientationPortraitUpsideDown UIInterfaceOrientationLandscapeLeft UIInterfaceOrientationLandscapeRight";
				INFOPLIST_KEY_UISupportedInterfaceOrientations_iPhone = "UIInterfaceOrientationPortrait UIInterfaceOrientationLandscapeLeft UIInterfaceOrientationLandscapeRight";
				LD_RUNPATH_SEARCH_PATHS = (
					"$(inherited)",
					"@executable_path/Frameworks",
				);
				MARKETING_VERSION = 1.0;
				PRODUCT_BUNDLE_IDENTIFIER = "com.lightphoenix.firs-app1-gr1";
				PRODUCT_NAME = "$(TARGET_NAME)";
				SWIFT_EMIT_LOC_STRINGS = YES;
				SWIFT_VERSION = 5.0;
				TARGETED_DEVICE_FAMILY = "1,2";
			};
			name = Release;
		};
		5F27294B2CAAAB110093548B /* Debug */ = {
			isa = XCBuildConfiguration;
			buildSettings = {
				BUNDLE_LOADER = "$(TEST_HOST)";
				CODE_SIGN_STYLE = Automatic;
				CURRENT_PROJECT_VERSION = 1;
				DEVELOPMENT_TEAM = AYQKWKQJL2;
				GENERATE_INFOPLIST_FILE = YES;
				IPHONEOS_DEPLOYMENT_TARGET = 18.0;
				MARKETING_VERSION = 1.0;
				PRODUCT_BUNDLE_IDENTIFIER = "com.lightphoenix.firs-app1-gr1Tests";
				PRODUCT_NAME = "$(TARGET_NAME)";
				SWIFT_EMIT_LOC_STRINGS = NO;
				SWIFT_VERSION = 5.0;
				TARGETED_DEVICE_FAMILY = "1,2";
				TEST_HOST = "$(BUILT_PRODUCTS_DIR)/firs_app1_gr1.app/$(BUNDLE_EXECUTABLE_FOLDER_PATH)/firs_app1_gr1";
			};
			name = Debug;
		};
		5F27294C2CAAAB110093548B /* Release */ = {
			isa = XCBuildConfiguration;
			buildSettings = {
				BUNDLE_LOADER = "$(TEST_HOST)";
				CODE_SIGN_STYLE = Automatic;
				CURRENT_PROJECT_VERSION = 1;
				DEVELOPMENT_TEAM = AYQKWKQJL2;
				GENERATE_INFOPLIST_FILE = YES;
				IPHONEOS_DEPLOYMENT_TARGET = 18.0;
				MARKETING_VERSION = 1.0;
				PRODUCT_BUNDLE_IDENTIFIER = "com.lightphoenix.firs-app1-gr1Tests";
				PRODUCT_NAME = "$(TARGET_NAME)";
				SWIFT_EMIT_LOC_STRINGS = NO;
				SWIFT_VERSION = 5.0;
				TARGETED_DEVICE_FAMILY = "1,2";
				TEST_HOST = "$(BUILT_PRODUCTS_DIR)/firs_app1_gr1.app/$(BUNDLE_EXECUTABLE_FOLDER_PATH)/firs_app1_gr1";
			};
			name = Release;
		};
		5F27294E2CAAAB110093548B /* Debug */ = {
			isa = XCBuildConfiguration;
			buildSettings = {
				CODE_SIGN_STYLE = Automatic;
				CURRENT_PROJECT_VERSION = 1;
				DEVELOPMENT_TEAM = AYQKWKQJL2;
				GENERATE_INFOPLIST_FILE = YES;
				MARKETING_VERSION = 1.0;
				PRODUCT_BUNDLE_IDENTIFIER = "com.lightphoenix.firs-app1-gr1UITests";
				PRODUCT_NAME = "$(TARGET_NAME)";
				SWIFT_EMIT_LOC_STRINGS = NO;
				SWIFT_VERSION = 5.0;
				TARGETED_DEVICE_FAMILY = "1,2";
				TEST_TARGET_NAME = firs_app1_gr1;
			};
			name = Debug;
		};
		5F27294F2CAAAB110093548B /* Release */ = {
			isa = XCBuildConfiguration;
			buildSettings = {
				CODE_SIGN_STYLE = Automatic;
				CURRENT_PROJECT_VERSION = 1;
				DEVELOPMENT_TEAM = AYQKWKQJL2;
				GENERATE_INFOPLIST_FILE = YES;
				MARKETING_VERSION = 1.0;
				PRODUCT_BUNDLE_IDENTIFIER = "com.lightphoenix.firs-app1-gr1UITests";
				PRODUCT_NAME = "$(TARGET_NAME)";
				SWIFT_EMIT_LOC_STRINGS = NO;
				SWIFT_VERSION = 5.0;
				TARGETED_DEVICE_FAMILY = "1,2";
				TEST_TARGET_NAME = firs_app1_gr1;
			};
			name = Release;
		};
/* End XCBuildConfiguration section */

/* Begin XCConfigurationList section */
		5F27291E2CAAAB0E0093548B /* Build configuration list for PBXProject "firs_app1_gr1" */ = {
			isa = XCConfigurationList;
			buildConfigurations = (
				5F2729452CAAAB110093548B /* Debug */,
				5F2729462CAAAB110093548B /* Release */,
			);
			defaultConfigurationIsVisible = 0;
			defaultConfigurationName = Release;
		};
		5F2729472CAAAB110093548B /* Build configuration list for PBXNativeTarget "firs_app1_gr1" */ = {
			isa = XCConfigurationList;
			buildConfigurations = (
				5F2729482CAAAB110093548B /* Debug */,
				5F2729492CAAAB110093548B /* Release */,
			);
			defaultConfigurationIsVisible = 0;
			defaultConfigurationName = Release;
		};
		5F27294A2CAAAB110093548B /* Build configuration list for PBXNativeTarget "firs_app1_gr1Tests" */ = {
			isa = XCConfigurationList;
			buildConfigurations = (
				5F27294B2CAAAB110093548B /* Debug */,
				5F27294C2CAAAB110093548B /* Release */,
			);
			defaultConfigurationIsVisible = 0;
			defaultConfigurationName = Release;
		};
		5F27294D2CAAAB110093548B /* Build configuration list for PBXNativeTarget "firs_app1_gr1UITests" */ = {
			isa = XCConfigurationList;
			buildConfigurations = (
				5F27294E2CAAAB110093548B /* Debug */,
				5F27294F2CAAAB110093548B /* Release */,
			);
			defaultConfigurationIsVisible = 0;
			defaultConfigurationName = Release;
		};
/* End XCConfigurationList section */

/* Begin XCRemoteSwiftPackageReference section */
		5F7AC3CA2CAADBD9009F6194 /* XCRemoteSwiftPackageReference "firebase-ios-sdk" */ = {
			isa = XCRemoteSwiftPackageReference;
			repositoryURL = "https://github.com/firebase/firebase-ios-sdk";
			requirement = {
				kind = upToNextMajorVersion;
				minimumVersion = 11.2.0;
			};
		};
/* End XCRemoteSwiftPackageReference section */

/* Begin XCSwiftPackageProductDependency section */
		5F7AC3CB2CAADBD9009F6194 /* FirebaseAuth */ = {
			isa = XCSwiftPackageProductDependency;
			package = 5F7AC3CA2CAADBD9009F6194 /* XCRemoteSwiftPackageReference "firebase-ios-sdk" */;
			productName = FirebaseAuth;
		};
		5F7AC3CD2CAADBD9009F6194 /* FirebaseFirestore */ = {
			isa = XCSwiftPackageProductDependency;
			package = 5F7AC3CA2CAADBD9009F6194 /* XCRemoteSwiftPackageReference "firebase-ios-sdk" */;
			productName = FirebaseFirestore;
		};
		5F7AC3CF2CAADBD9009F6194 /* FirebaseFirestoreCombine-Community */ = {
			isa = XCSwiftPackageProductDependency;
			package = 5F7AC3CA2CAADBD9009F6194 /* XCRemoteSwiftPackageReference "firebase-ios-sdk" */;
			productName = "FirebaseFirestoreCombine-Community";
		};
		5F7AC3D12CAADCAF009F6194 /* FirebaseInstallations */ = {
			isa = XCSwiftPackageProductDependency;
			package = 5F7AC3CA2CAADBD9009F6194 /* XCRemoteSwiftPackageReference "firebase-ios-sdk" */;
			productName = FirebaseInstallations;
		};
		5FA7B8052CABDAC4008E1B03 /* FirebaseAuth */ = {
			isa = XCSwiftPackageProductDependency;
			package = 5F7AC3CA2CAADBD9009F6194 /* XCRemoteSwiftPackageReference "firebase-ios-sdk" */;
			productName = FirebaseAuth;
		};
		5FA7B8072CABDAC4008E1B03 /* FirebaseFirestore */ = {
			isa = XCSwiftPackageProductDependency;
			package = 5F7AC3CA2CAADBD9009F6194 /* XCRemoteSwiftPackageReference "firebase-ios-sdk" */;
			productName = FirebaseFirestore;
		};
		5FA7B8092CABDAC4008E1B03 /* FirebaseInstallations */ = {
			isa = XCSwiftPackageProductDependency;
			package = 5F7AC3CA2CAADBD9009F6194 /* XCRemoteSwiftPackageReference "firebase-ios-sdk" */;
			productName = FirebaseInstallations;
		};
/* End XCSwiftPackageProductDependency section */
	};
	rootObject = 5F27291B2CAAAB0E0093548B /* Project object */;
}
